// !$*UTF8*$!
{
	archiveVersion = 1;
	classes = {
	};
	objectVersion = 51;
	objects = {

/* Begin PBXBuildFile section */
		381A0304247623F3004EDE84 /* PlaceTypeAndCityLabel.swift in Sources */ = {isa = PBXBuildFile; fileRef = 381A0303247623F3004EDE84 /* PlaceTypeAndCityLabel.swift */; };
		381A030624762561004EDE84 /* PriceLabel.swift in Sources */ = {isa = PBXBuildFile; fileRef = 381A030524762561004EDE84 /* PriceLabel.swift */; };
		3839C7B02477D6760039BB19 /* SeparatorView.swift in Sources */ = {isa = PBXBuildFile; fileRef = 3839C7AF2477D6760039BB19 /* SeparatorView.swift */; };
		384C0E342473D9680051528B /* UIView+AutoLayout.swift in Sources */ = {isa = PBXBuildFile; fileRef = 384C0E332473D9680051528B /* UIView+AutoLayout.swift */; };
		384C0E372473E0650051528B /* StayListCollectionView.swift in Sources */ = {isa = PBXBuildFile; fileRef = 384C0E362473E0650051528B /* StayListCollectionView.swift */; };
		384C0E392473F50F0051528B /* UIView+addSubviews.swift in Sources */ = {isa = PBXBuildFile; fileRef = 384C0E382473F50F0051528B /* UIView+addSubviews.swift */; };
		384C0E3C2473F62A0051528B /* StayCell.swift in Sources */ = {isa = PBXBuildFile; fileRef = 384C0E3A2473F62A0051528B /* StayCell.swift */; };
		384C0E3D2473F62A0051528B /* StayCell.xib in Resources */ = {isa = PBXBuildFile; fileRef = 384C0E3B2473F62A0051528B /* StayCell.xib */; };
		3859747F2478FF98004A358C /* ThumbImageView.swift in Sources */ = {isa = PBXBuildFile; fileRef = 3859747E2478FF98004A358C /* ThumbImageView.swift */; };
		385D8BE524728EC8009E2E2B /* AppDelegate.swift in Sources */ = {isa = PBXBuildFile; fileRef = 385D8BE424728EC8009E2E2B /* AppDelegate.swift */; };
		385D8BE724728EC8009E2E2B /* SceneDelegate.swift in Sources */ = {isa = PBXBuildFile; fileRef = 385D8BE624728EC8009E2E2B /* SceneDelegate.swift */; };
		385D8BE924728EC8009E2E2B /* TabBarController.swift in Sources */ = {isa = PBXBuildFile; fileRef = 385D8BE824728EC8009E2E2B /* TabBarController.swift */; };
		385D8BEE24728ECC009E2E2B /* Assets.xcassets in Resources */ = {isa = PBXBuildFile; fileRef = 385D8BED24728ECC009E2E2B /* Assets.xcassets */; };
		385D8BF124728ECC009E2E2B /* LaunchScreen.storyboard in Resources */ = {isa = PBXBuildFile; fileRef = 385D8BEF24728ECC009E2E2B /* LaunchScreen.storyboard */; };
		385D8BFC24728ECC009E2E2B /* AirbnbAppTests.swift in Sources */ = {isa = PBXBuildFile; fileRef = 385D8BFB24728ECC009E2E2B /* AirbnbAppTests.swift */; };
		3869C446247BB9AC00A16C6D /* StayList.swift in Sources */ = {isa = PBXBuildFile; fileRef = 3869C445247BB9AC00A16C6D /* StayList.swift */; };
		38863E252478F6AB00D8C75C /* ThumbImagePagingView.swift in Sources */ = {isa = PBXBuildFile; fileRef = 38863E242478F6AB00D8C75C /* ThumbImagePagingView.swift */; };
		38AEA756247BF7590058050D /* StayListUseCase.swift in Sources */ = {isa = PBXBuildFile; fileRef = 38AEA755247BF7590058050D /* StayListUseCase.swift */; };
		38BDDCAC24751DED000ACA1C /* ReviewLabel.swift in Sources */ = {isa = PBXBuildFile; fileRef = 38BDDCAB24751DED000ACA1C /* ReviewLabel.swift */; };
		38BDDCAE2475A36D000ACA1C /* NSMutableAttributedString+append.swift in Sources */ = {isa = PBXBuildFile; fileRef = 38BDDCAD2475A36D000ACA1C /* NSMutableAttributedString+append.swift */; };
		38BDDCB02475AB21000ACA1C /* LabelWithLeadingImage.swift in Sources */ = {isa = PBXBuildFile; fileRef = 38BDDCAF2475AB21000ACA1C /* LabelWithLeadingImage.swift */; };
		38BDDCB22475AD43000ACA1C /* SuperHostLabel.swift in Sources */ = {isa = PBXBuildFile; fileRef = 38BDDCB12475AD43000ACA1C /* SuperHostLabel.swift */; };
		38DC238B247BDAE200DC3BCC /* NetworkManager.swift in Sources */ = {isa = PBXBuildFile; fileRef = 38DC238A247BDAE200DC3BCC /* NetworkManager.swift */; };
		38EB9D8F2479A48100236DB4 /* LoadingView.swift in Sources */ = {isa = PBXBuildFile; fileRef = 38EB9D8E2479A48100236DB4 /* LoadingView.swift */; };
		38F1F89224795E0400454668 /* Stay.swift in Sources */ = {isa = PBXBuildFile; fileRef = 38F1F89124795E0400454668 /* Stay.swift */; };
		38F1F89424795F5200454668 /* ViewModelBinding.swift in Sources */ = {isa = PBXBuildFile; fileRef = 38F1F89324795F5200454668 /* ViewModelBinding.swift */; };
		38F1F8982479614500454668 /* StayListCollectionViewDataSource.swift in Sources */ = {isa = PBXBuildFile; fileRef = 38F1F8972479614500454668 /* StayListCollectionViewDataSource.swift */; };
		861F07DAEA6EB82E6080DC12 /* Pods_AirbnbAppTests.framework in Frameworks */ = {isa = PBXBuildFile; fileRef = 6CEA6BC11BFDF3333CB7883F /* Pods_AirbnbAppTests.framework */; };
		8D328443247647900078678A /* ViewFromXib.swift in Sources */ = {isa = PBXBuildFile; fileRef = 8D328442247647900078678A /* ViewFromXib.swift */; };
		8D32844524764B0F0078678A /* SearchTextFieldDelegate.swift in Sources */ = {isa = PBXBuildFile; fileRef = 8D32844424764B0F0078678A /* SearchTextFieldDelegate.swift */; };
		8D63C75B2476CF4E0074BF0F /* MapButtonView.xib in Resources */ = {isa = PBXBuildFile; fileRef = 8D63C75A2476CF4E0074BF0F /* MapButtonView.xib */; };
		8D63C75D2476CFA10074BF0F /* MapButtonView.swift in Sources */ = {isa = PBXBuildFile; fileRef = 8D63C75C2476CFA10074BF0F /* MapButtonView.swift */; };
		8D8FE71E2473CF71008FF0AF /* StayListViewController.swift in Sources */ = {isa = PBXBuildFile; fileRef = 8D8FE71D2473CF71008FF0AF /* StayListViewController.swift */; };
		8D9B7A10247C06E500D9A99D /* StayDetailViewController.swift in Sources */ = {isa = PBXBuildFile; fileRef = 8D9B7A0E247C06E500D9A99D /* StayDetailViewController.swift */; };
		8D9B7A11247C06E500D9A99D /* StayDetailViewController.xib in Resources */ = {isa = PBXBuildFile; fileRef = 8D9B7A0F247C06E500D9A99D /* StayDetailViewController.xib */; };
		8D9B7A13247C09E500D9A99D /* DetailSectionView.swift in Sources */ = {isa = PBXBuildFile; fileRef = 8D9B7A12247C09E500D9A99D /* DetailSectionView.swift */; };
		8D9B7A15247C09F700D9A99D /* DetailSectionView.xib in Resources */ = {isa = PBXBuildFile; fileRef = 8D9B7A14247C09F700D9A99D /* DetailSectionView.xib */; };
		8D9B7A17247C0F1200D9A99D /* StayListCollectionViewDelegate.swift in Sources */ = {isa = PBXBuildFile; fileRef = 8D9B7A16247C0F1200D9A99D /* StayListCollectionViewDelegate.swift */; };
		8D9B7A19247C1D4500D9A99D /* DetailButton.swift in Sources */ = {isa = PBXBuildFile; fileRef = 8D9B7A18247C1D4500D9A99D /* DetailButton.swift */; };
		8D9B7A1B247C206400D9A99D /* RoundedBorder.swift in Sources */ = {isa = PBXBuildFile; fileRef = 8D9B7A1A247C206400D9A99D /* RoundedBorder.swift */; };
		8DCA196D24750CB900B3C167 /* SearchFieldView.swift in Sources */ = {isa = PBXBuildFile; fileRef = 8DCA196C24750CB900B3C167 /* SearchFieldView.swift */; };
		8DCA196F24750CCF00B3C167 /* SearchFieldView.xib in Resources */ = {isa = PBXBuildFile; fileRef = 8DCA196E24750CCF00B3C167 /* SearchFieldView.xib */; };
		8DCA197124754B7900B3C167 /* SearchFilterView.xib in Resources */ = {isa = PBXBuildFile; fileRef = 8DCA197024754B7900B3C167 /* SearchFilterView.xib */; };
		8DCA197324754D5A00B3C167 /* SearchFilterView.swift in Sources */ = {isa = PBXBuildFile; fileRef = 8DCA197224754D5A00B3C167 /* SearchFilterView.swift */; };
		8DCA19752475546C00B3C167 /* FilterButton.swift in Sources */ = {isa = PBXBuildFile; fileRef = 8DCA19742475546C00B3C167 /* FilterButton.swift */; };
		D4736790A2BEFBC33D1AE2A0 /* Pods_AirbnbApp.framework in Frameworks */ = {isa = PBXBuildFile; fileRef = 90813E0479A638C25AF0592B /* Pods_AirbnbApp.framework */; };
/* End PBXBuildFile section */

/* Begin PBXContainerItemProxy section */
		385D8BF824728ECC009E2E2B /* PBXContainerItemProxy */ = {
			isa = PBXContainerItemProxy;
			containerPortal = 385D8BD924728EC8009E2E2B /* Project object */;
			proxyType = 1;
			remoteGlobalIDString = 385D8BE024728EC8009E2E2B;
			remoteInfo = AirbnbApp;
		};
/* End PBXContainerItemProxy section */

/* Begin PBXFileReference section */
		381A0303247623F3004EDE84 /* PlaceTypeAndCityLabel.swift */ = {isa = PBXFileReference; lastKnownFileType = sourcecode.swift; path = PlaceTypeAndCityLabel.swift; sourceTree = "<group>"; };
		381A030524762561004EDE84 /* PriceLabel.swift */ = {isa = PBXFileReference; lastKnownFileType = sourcecode.swift; path = PriceLabel.swift; sourceTree = "<group>"; };
		3839C7AF2477D6760039BB19 /* SeparatorView.swift */ = {isa = PBXFileReference; lastKnownFileType = sourcecode.swift; path = SeparatorView.swift; sourceTree = "<group>"; };
		384C0E332473D9680051528B /* UIView+AutoLayout.swift */ = {isa = PBXFileReference; lastKnownFileType = sourcecode.swift; path = "UIView+AutoLayout.swift"; sourceTree = "<group>"; };
		384C0E362473E0650051528B /* StayListCollectionView.swift */ = {isa = PBXFileReference; lastKnownFileType = sourcecode.swift; path = StayListCollectionView.swift; sourceTree = "<group>"; };
		384C0E382473F50F0051528B /* UIView+addSubviews.swift */ = {isa = PBXFileReference; lastKnownFileType = sourcecode.swift; path = "UIView+addSubviews.swift"; sourceTree = "<group>"; };
		384C0E3A2473F62A0051528B /* StayCell.swift */ = {isa = PBXFileReference; lastKnownFileType = sourcecode.swift; path = StayCell.swift; sourceTree = "<group>"; };
		384C0E3B2473F62A0051528B /* StayCell.xib */ = {isa = PBXFileReference; lastKnownFileType = file.xib; path = StayCell.xib; sourceTree = "<group>"; };
		3859747E2478FF98004A358C /* ThumbImageView.swift */ = {isa = PBXFileReference; lastKnownFileType = sourcecode.swift; path = ThumbImageView.swift; sourceTree = "<group>"; };
		385D8BE124728EC8009E2E2B /* AirbnbApp.app */ = {isa = PBXFileReference; explicitFileType = wrapper.application; includeInIndex = 0; path = AirbnbApp.app; sourceTree = BUILT_PRODUCTS_DIR; };
		385D8BE424728EC8009E2E2B /* AppDelegate.swift */ = {isa = PBXFileReference; lastKnownFileType = sourcecode.swift; path = AppDelegate.swift; sourceTree = "<group>"; };
		385D8BE624728EC8009E2E2B /* SceneDelegate.swift */ = {isa = PBXFileReference; lastKnownFileType = sourcecode.swift; path = SceneDelegate.swift; sourceTree = "<group>"; };
		385D8BE824728EC8009E2E2B /* TabBarController.swift */ = {isa = PBXFileReference; lastKnownFileType = sourcecode.swift; path = TabBarController.swift; sourceTree = "<group>"; };
		385D8BED24728ECC009E2E2B /* Assets.xcassets */ = {isa = PBXFileReference; lastKnownFileType = folder.assetcatalog; path = Assets.xcassets; sourceTree = "<group>"; };
		385D8BF024728ECC009E2E2B /* Base */ = {isa = PBXFileReference; lastKnownFileType = file.storyboard; name = Base; path = Base.lproj/LaunchScreen.storyboard; sourceTree = "<group>"; };
		385D8BF224728ECC009E2E2B /* Info.plist */ = {isa = PBXFileReference; lastKnownFileType = text.plist.xml; path = Info.plist; sourceTree = "<group>"; };
		385D8BF724728ECC009E2E2B /* AirbnbAppTests.xctest */ = {isa = PBXFileReference; explicitFileType = wrapper.cfbundle; includeInIndex = 0; path = AirbnbAppTests.xctest; sourceTree = BUILT_PRODUCTS_DIR; };
		385D8BFB24728ECC009E2E2B /* AirbnbAppTests.swift */ = {isa = PBXFileReference; lastKnownFileType = sourcecode.swift; path = AirbnbAppTests.swift; sourceTree = "<group>"; };
		385D8BFD24728ECC009E2E2B /* Info.plist */ = {isa = PBXFileReference; lastKnownFileType = text.plist.xml; path = Info.plist; sourceTree = "<group>"; };
		3869C445247BB9AC00A16C6D /* StayList.swift */ = {isa = PBXFileReference; lastKnownFileType = sourcecode.swift; path = StayList.swift; sourceTree = "<group>"; };
		38863E242478F6AB00D8C75C /* ThumbImagePagingView.swift */ = {isa = PBXFileReference; lastKnownFileType = sourcecode.swift; path = ThumbImagePagingView.swift; sourceTree = "<group>"; };
		38AEA755247BF7590058050D /* StayListUseCase.swift */ = {isa = PBXFileReference; lastKnownFileType = sourcecode.swift; path = StayListUseCase.swift; sourceTree = "<group>"; };
		38BDDCAB24751DED000ACA1C /* ReviewLabel.swift */ = {isa = PBXFileReference; lastKnownFileType = sourcecode.swift; path = ReviewLabel.swift; sourceTree = "<group>"; };
		38BDDCAD2475A36D000ACA1C /* NSMutableAttributedString+append.swift */ = {isa = PBXFileReference; lastKnownFileType = sourcecode.swift; path = "NSMutableAttributedString+append.swift"; sourceTree = "<group>"; };
		38BDDCAF2475AB21000ACA1C /* LabelWithLeadingImage.swift */ = {isa = PBXFileReference; lastKnownFileType = sourcecode.swift; path = LabelWithLeadingImage.swift; sourceTree = "<group>"; };
		38BDDCB12475AD43000ACA1C /* SuperHostLabel.swift */ = {isa = PBXFileReference; lastKnownFileType = sourcecode.swift; path = SuperHostLabel.swift; sourceTree = "<group>"; };
		38DC238A247BDAE200DC3BCC /* NetworkManager.swift */ = {isa = PBXFileReference; lastKnownFileType = sourcecode.swift; path = NetworkManager.swift; sourceTree = "<group>"; };
		38EB9D8E2479A48100236DB4 /* LoadingView.swift */ = {isa = PBXFileReference; lastKnownFileType = sourcecode.swift; path = LoadingView.swift; sourceTree = "<group>"; };
		38F1F89124795E0400454668 /* Stay.swift */ = {isa = PBXFileReference; lastKnownFileType = sourcecode.swift; path = Stay.swift; sourceTree = "<group>"; };
		38F1F89324795F5200454668 /* ViewModelBinding.swift */ = {isa = PBXFileReference; lastKnownFileType = sourcecode.swift; path = ViewModelBinding.swift; sourceTree = "<group>"; };
		38F1F8972479614500454668 /* StayListCollectionViewDataSource.swift */ = {isa = PBXFileReference; lastKnownFileType = sourcecode.swift; path = StayListCollectionViewDataSource.swift; sourceTree = "<group>"; };
		51291177216A70DD7B1C174C /* Pods-AirbnbAppTests.debug.xcconfig */ = {isa = PBXFileReference; includeInIndex = 1; lastKnownFileType = text.xcconfig; name = "Pods-AirbnbAppTests.debug.xcconfig"; path = "Target Support Files/Pods-AirbnbAppTests/Pods-AirbnbAppTests.debug.xcconfig"; sourceTree = "<group>"; };
		51DD8D7068C11074B3824E67 /* Pods-AirbnbApp.release.xcconfig */ = {isa = PBXFileReference; includeInIndex = 1; lastKnownFileType = text.xcconfig; name = "Pods-AirbnbApp.release.xcconfig"; path = "Target Support Files/Pods-AirbnbApp/Pods-AirbnbApp.release.xcconfig"; sourceTree = "<group>"; };
		6CEA6BC11BFDF3333CB7883F /* Pods_AirbnbAppTests.framework */ = {isa = PBXFileReference; explicitFileType = wrapper.framework; includeInIndex = 0; path = Pods_AirbnbAppTests.framework; sourceTree = BUILT_PRODUCTS_DIR; };
		8D328442247647900078678A /* ViewFromXib.swift */ = {isa = PBXFileReference; lastKnownFileType = sourcecode.swift; path = ViewFromXib.swift; sourceTree = "<group>"; };
		8D32844424764B0F0078678A /* SearchTextFieldDelegate.swift */ = {isa = PBXFileReference; lastKnownFileType = sourcecode.swift; path = SearchTextFieldDelegate.swift; sourceTree = "<group>"; };
		8D63C75A2476CF4E0074BF0F /* MapButtonView.xib */ = {isa = PBXFileReference; lastKnownFileType = file.xib; path = MapButtonView.xib; sourceTree = "<group>"; };
		8D63C75C2476CFA10074BF0F /* MapButtonView.swift */ = {isa = PBXFileReference; fileEncoding = 4; lastKnownFileType = sourcecode.swift; path = MapButtonView.swift; sourceTree = "<group>"; };
		8D8FE71D2473CF71008FF0AF /* StayListViewController.swift */ = {isa = PBXFileReference; lastKnownFileType = sourcecode.swift; path = StayListViewController.swift; sourceTree = "<group>"; };
		8D9B7A0E247C06E500D9A99D /* StayDetailViewController.swift */ = {isa = PBXFileReference; lastKnownFileType = sourcecode.swift; path = StayDetailViewController.swift; sourceTree = "<group>"; };
		8D9B7A0F247C06E500D9A99D /* StayDetailViewController.xib */ = {isa = PBXFileReference; lastKnownFileType = file.xib; path = StayDetailViewController.xib; sourceTree = "<group>"; };
		8D9B7A12247C09E500D9A99D /* DetailSectionView.swift */ = {isa = PBXFileReference; lastKnownFileType = sourcecode.swift; path = DetailSectionView.swift; sourceTree = "<group>"; };
		8D9B7A14247C09F700D9A99D /* DetailSectionView.xib */ = {isa = PBXFileReference; lastKnownFileType = file.xib; path = DetailSectionView.xib; sourceTree = "<group>"; };
		8D9B7A16247C0F1200D9A99D /* StayListCollectionViewDelegate.swift */ = {isa = PBXFileReference; lastKnownFileType = sourcecode.swift; path = StayListCollectionViewDelegate.swift; sourceTree = "<group>"; };
		8D9B7A18247C1D4500D9A99D /* DetailButton.swift */ = {isa = PBXFileReference; lastKnownFileType = sourcecode.swift; path = DetailButton.swift; sourceTree = "<group>"; };
		8D9B7A1A247C206400D9A99D /* RoundedBorder.swift */ = {isa = PBXFileReference; lastKnownFileType = sourcecode.swift; path = RoundedBorder.swift; sourceTree = "<group>"; };
		8DCA196C24750CB900B3C167 /* SearchFieldView.swift */ = {isa = PBXFileReference; lastKnownFileType = sourcecode.swift; path = SearchFieldView.swift; sourceTree = "<group>"; };
		8DCA196E24750CCF00B3C167 /* SearchFieldView.xib */ = {isa = PBXFileReference; lastKnownFileType = file.xib; path = SearchFieldView.xib; sourceTree = "<group>"; };
		8DCA197024754B7900B3C167 /* SearchFilterView.xib */ = {isa = PBXFileReference; lastKnownFileType = file.xib; path = SearchFilterView.xib; sourceTree = "<group>"; };
		8DCA197224754D5A00B3C167 /* SearchFilterView.swift */ = {isa = PBXFileReference; lastKnownFileType = sourcecode.swift; path = SearchFilterView.swift; sourceTree = "<group>"; };
		8DCA19742475546C00B3C167 /* FilterButton.swift */ = {isa = PBXFileReference; lastKnownFileType = sourcecode.swift; path = FilterButton.swift; sourceTree = "<group>"; };
		90813E0479A638C25AF0592B /* Pods_AirbnbApp.framework */ = {isa = PBXFileReference; explicitFileType = wrapper.framework; includeInIndex = 0; path = Pods_AirbnbApp.framework; sourceTree = BUILT_PRODUCTS_DIR; };
		CDA4DBEC840E41EB9640C92A /* Pods-AirbnbApp.debug.xcconfig */ = {isa = PBXFileReference; includeInIndex = 1; lastKnownFileType = text.xcconfig; name = "Pods-AirbnbApp.debug.xcconfig"; path = "Target Support Files/Pods-AirbnbApp/Pods-AirbnbApp.debug.xcconfig"; sourceTree = "<group>"; };
		F0B4FABD941046CDEC24AF71 /* Pods-AirbnbAppTests.release.xcconfig */ = {isa = PBXFileReference; includeInIndex = 1; lastKnownFileType = text.xcconfig; name = "Pods-AirbnbAppTests.release.xcconfig"; path = "Target Support Files/Pods-AirbnbAppTests/Pods-AirbnbAppTests.release.xcconfig"; sourceTree = "<group>"; };
/* End PBXFileReference section */

/* Begin PBXFrameworksBuildPhase section */
		385D8BDE24728EC8009E2E2B /* Frameworks */ = {
			isa = PBXFrameworksBuildPhase;
			buildActionMask = 2147483647;
			files = (
				D4736790A2BEFBC33D1AE2A0 /* Pods_AirbnbApp.framework in Frameworks */,
			);
			runOnlyForDeploymentPostprocessing = 0;
		};
		385D8BF424728ECC009E2E2B /* Frameworks */ = {
			isa = PBXFrameworksBuildPhase;
			buildActionMask = 2147483647;
			files = (
				861F07DAEA6EB82E6080DC12 /* Pods_AirbnbAppTests.framework in Frameworks */,
			);
			runOnlyForDeploymentPostprocessing = 0;
		};
/* End PBXFrameworksBuildPhase section */

/* Begin PBXGroup section */
		100D5C2A5DFB3C3F6973A815 /* Pods */ = {
			isa = PBXGroup;
			children = (
				CDA4DBEC840E41EB9640C92A /* Pods-AirbnbApp.debug.xcconfig */,
				51DD8D7068C11074B3824E67 /* Pods-AirbnbApp.release.xcconfig */,
				51291177216A70DD7B1C174C /* Pods-AirbnbAppTests.debug.xcconfig */,
				F0B4FABD941046CDEC24AF71 /* Pods-AirbnbAppTests.release.xcconfig */,
			);
			path = Pods;
			sourceTree = "<group>";
		};
		384BB7B72477D39C0019000B /* StayCell */ = {
			isa = PBXGroup;
			children = (
				384C0E3A2473F62A0051528B /* StayCell.swift */,
				384C0E3B2473F62A0051528B /* StayCell.xib */,
				38BDDCAB24751DED000ACA1C /* ReviewLabel.swift */,
				38BDDCB12475AD43000ACA1C /* SuperHostLabel.swift */,
				38BDDCAF2475AB21000ACA1C /* LabelWithLeadingImage.swift */,
				381A0303247623F3004EDE84 /* PlaceTypeAndCityLabel.swift */,
				381A030524762561004EDE84 /* PriceLabel.swift */,
			);
			path = StayCell;
			sourceTree = "<group>";
		};
		384BB7B82477D3BC0019000B /* SearchField */ = {
			isa = PBXGroup;
			children = (
				8DCA196C24750CB900B3C167 /* SearchFieldView.swift */,
				8DCA196E24750CCF00B3C167 /* SearchFieldView.xib */,
			);
			path = SearchField;
			sourceTree = "<group>";
		};
		384BB7B92477D3CC0019000B /* SearchFilter */ = {
			isa = PBXGroup;
			children = (
				8DCA197224754D5A00B3C167 /* SearchFilterView.swift */,
				8DCA197024754B7900B3C167 /* SearchFilterView.xib */,
				8DCA19742475546C00B3C167 /* FilterButton.swift */,
			);
			path = SearchFilter;
			sourceTree = "<group>";
		};
		384BB7BA2477D3F90019000B /* MapButton */ = {
			isa = PBXGroup;
			children = (
				8D63C75C2476CFA10074BF0F /* MapButtonView.swift */,
				8D63C75A2476CF4E0074BF0F /* MapButtonView.xib */,
			);
			path = MapButton;
			sourceTree = "<group>";
		};
		384C0E322473D9380051528B /* Extensions */ = {
			isa = PBXGroup;
			children = (
				384C0E332473D9680051528B /* UIView+AutoLayout.swift */,
				384C0E382473F50F0051528B /* UIView+addSubviews.swift */,
				38BDDCAD2475A36D000ACA1C /* NSMutableAttributedString+append.swift */,
			);
			path = Extensions;
			sourceTree = "<group>";
		};
		384C0E352473E04C0051528B /* Views */ = {
			isa = PBXGroup;
			children = (
				8D328442247647900078678A /* ViewFromXib.swift */,
				384C0E362473E0650051528B /* StayListCollectionView.swift */,
				3839C7AF2477D6760039BB19 /* SeparatorView.swift */,
				38EB9D8E2479A48100236DB4 /* LoadingView.swift */,
				384BB7B82477D3BC0019000B /* SearchField */,
				384BB7B92477D3CC0019000B /* SearchFilter */,
				384BB7BA2477D3F90019000B /* MapButton */,
				384BB7B72477D39C0019000B /* StayCell */,
				38863E262478F91C00D8C75C /* ThumbImagePaging */,
			);
			path = Views;
			sourceTree = "<group>";
		};
		384C0E3E24742B660051528B /* ViewModels */ = {
			isa = PBXGroup;
			children = (
				38F1F89324795F5200454668 /* ViewModelBinding.swift */,
				38F1F8972479614500454668 /* StayListCollectionViewDataSource.swift */,
			);
			path = ViewModels;
			sourceTree = "<group>";
		};
		385D8BD824728EC8009E2E2B = {
			isa = PBXGroup;
			children = (
				385D8BE324728EC8009E2E2B /* AirbnbApp */,
				385D8BFA24728ECC009E2E2B /* AirbnbAppTests */,
				385D8BE224728EC8009E2E2B /* Products */,
				100D5C2A5DFB3C3F6973A815 /* Pods */,
				BB525B3078B278E3107AD411 /* Frameworks */,
			);
			sourceTree = "<group>";
		};
		385D8BE224728EC8009E2E2B /* Products */ = {
			isa = PBXGroup;
			children = (
				385D8BE124728EC8009E2E2B /* AirbnbApp.app */,
				385D8BF724728ECC009E2E2B /* AirbnbAppTests.xctest */,
			);
			name = Products;
			sourceTree = "<group>";
		};
		385D8BE324728EC8009E2E2B /* AirbnbApp */ = {
			isa = PBXGroup;
			children = (
				8D8FE71B2473CF23008FF0AF /* TabBar */,
				8D8FE71C2473CF3C008FF0AF /* StayList */,
				38DC2389247BDAD100DC3BCC /* Network */,
				38AEA754247BF7400058050D /* UseCases */,
				8D9B7A0D247C066300D9A99D /* StayDetail */,
				384C0E322473D9380051528B /* Extensions */,
				385D8BE424728EC8009E2E2B /* AppDelegate.swift */,
				385D8BE624728EC8009E2E2B /* SceneDelegate.swift */,
				385D8BED24728ECC009E2E2B /* Assets.xcassets */,
				385D8BEF24728ECC009E2E2B /* LaunchScreen.storyboard */,
				385D8BF224728ECC009E2E2B /* Info.plist */,
			);
			path = AirbnbApp;
			sourceTree = "<group>";
		};
		385D8BFA24728ECC009E2E2B /* AirbnbAppTests */ = {
			isa = PBXGroup;
			children = (
				385D8BFB24728ECC009E2E2B /* AirbnbAppTests.swift */,
				385D8BFD24728ECC009E2E2B /* Info.plist */,
			);
			path = AirbnbAppTests;
			sourceTree = "<group>";
		};
		38863E262478F91C00D8C75C /* ThumbImagePaging */ = {
			isa = PBXGroup;
			children = (
				38863E242478F6AB00D8C75C /* ThumbImagePagingView.swift */,
				3859747E2478FF98004A358C /* ThumbImageView.swift */,
			);
			path = ThumbImagePaging;
			sourceTree = "<group>";
		};
		38AEA754247BF7400058050D /* UseCases */ = {
			isa = PBXGroup;
			children = (
				38AEA755247BF7590058050D /* StayListUseCase.swift */,
			);
			path = UseCases;
			sourceTree = "<group>";
		};
		38DC2389247BDAD100DC3BCC /* Network */ = {
			isa = PBXGroup;
			children = (
				38DC238A247BDAE200DC3BCC /* NetworkManager.swift */,
			);
			path = Network;
			sourceTree = "<group>";
		};
		38F1F89024795DED00454668 /* Model */ = {
			isa = PBXGroup;
			children = (
				38F1F89124795E0400454668 /* Stay.swift */,
				3869C445247BB9AC00A16C6D /* StayList.swift */,
			);
			path = Model;
			sourceTree = "<group>";
		};
		8D32844624764B4C0078678A /* Controllers */ = {
			isa = PBXGroup;
			children = (
				8D8FE71D2473CF71008FF0AF /* StayListViewController.swift */,
				8D32844424764B0F0078678A /* SearchTextFieldDelegate.swift */,
				8D9B7A16247C0F1200D9A99D /* StayListCollectionViewDelegate.swift */,
			);
			path = Controllers;
			sourceTree = "<group>";
		};
		8D8FE71B2473CF23008FF0AF /* TabBar */ = {
			isa = PBXGroup;
			children = (
				385D8BE824728EC8009E2E2B /* TabBarController.swift */,
			);
			path = TabBar;
			sourceTree = "<group>";
		};
		8D8FE71C2473CF3C008FF0AF /* StayList */ = {
			isa = PBXGroup;
			children = (
				8D32844624764B4C0078678A /* Controllers */,
				38F1F89024795DED00454668 /* Model */,
				384C0E3E24742B660051528B /* ViewModels */,
				384C0E352473E04C0051528B /* Views */,
			);
			path = StayList;
			sourceTree = "<group>";
		};
		8D9B7A0D247C066300D9A99D /* StayDetail */ = {
			isa = PBXGroup;
			children = (
				8D9B7A0E247C06E500D9A99D /* StayDetailViewController.swift */,
				8D9B7A0F247C06E500D9A99D /* StayDetailViewController.xib */,
				8D9B7A12247C09E500D9A99D /* DetailSectionView.swift */,
				8D9B7A14247C09F700D9A99D /* DetailSectionView.xib */,
				8D9B7A18247C1D4500D9A99D /* DetailButton.swift */,
				8D9B7A1A247C206400D9A99D /* RoundedBorder.swift */,
			);
			path = StayDetail;
			sourceTree = "<group>";
		};
		BB525B3078B278E3107AD411 /* Frameworks */ = {
			isa = PBXGroup;
			children = (
				90813E0479A638C25AF0592B /* Pods_AirbnbApp.framework */,
				6CEA6BC11BFDF3333CB7883F /* Pods_AirbnbAppTests.framework */,
			);
			name = Frameworks;
			sourceTree = "<group>";
		};
/* End PBXGroup section */

/* Begin PBXNativeTarget section */
		385D8BE024728EC8009E2E2B /* AirbnbApp */ = {
			isa = PBXNativeTarget;
			buildConfigurationList = 385D8C0024728ECC009E2E2B /* Build configuration list for PBXNativeTarget "AirbnbApp" */;
			buildPhases = (
				27B641CBDEAF0B00165BDBD8 /* [CP] Check Pods Manifest.lock */,
				385D8BDD24728EC8009E2E2B /* Sources */,
				385D8BDE24728EC8009E2E2B /* Frameworks */,
				385D8BDF24728EC8009E2E2B /* Resources */,
				34E99C6BA62EE9F08188ABB5 /* [CP] Embed Pods Frameworks */,
			);
			buildRules = (
			);
			dependencies = (
			);
			name = AirbnbApp;
			productName = AirbnbApp;
			productReference = 385D8BE124728EC8009E2E2B /* AirbnbApp.app */;
			productType = "com.apple.product-type.application";
		};
		385D8BF624728ECC009E2E2B /* AirbnbAppTests */ = {
			isa = PBXNativeTarget;
			buildConfigurationList = 385D8C0324728ECC009E2E2B /* Build configuration list for PBXNativeTarget "AirbnbAppTests" */;
			buildPhases = (
				3C2DB4DA1F56EC18804B6B28 /* [CP] Check Pods Manifest.lock */,
				385D8BF324728ECC009E2E2B /* Sources */,
				385D8BF424728ECC009E2E2B /* Frameworks */,
				385D8BF524728ECC009E2E2B /* Resources */,
			);
			buildRules = (
			);
			dependencies = (
				385D8BF924728ECC009E2E2B /* PBXTargetDependency */,
			);
			name = AirbnbAppTests;
			productName = AirbnbAppTests;
			productReference = 385D8BF724728ECC009E2E2B /* AirbnbAppTests.xctest */;
			productType = "com.apple.product-type.bundle.unit-test";
		};
/* End PBXNativeTarget section */

/* Begin PBXProject section */
		385D8BD924728EC8009E2E2B /* Project object */ = {
			isa = PBXProject;
			attributes = {
				LastSwiftUpdateCheck = 1130;
				LastUpgradeCheck = 1130;
				ORGANIZATIONNAME = codesquad;
				TargetAttributes = {
					385D8BE024728EC8009E2E2B = {
						CreatedOnToolsVersion = 11.3.1;
					};
					385D8BF624728ECC009E2E2B = {
						CreatedOnToolsVersion = 11.3.1;
						TestTargetID = 385D8BE024728EC8009E2E2B;
					};
				};
			};
			buildConfigurationList = 385D8BDC24728EC8009E2E2B /* Build configuration list for PBXProject "AirbnbApp" */;
			compatibilityVersion = "Xcode 9.3";
			developmentRegion = en;
			hasScannedForEncodings = 0;
			knownRegions = (
				en,
				Base,
			);
			mainGroup = 385D8BD824728EC8009E2E2B;
			productRefGroup = 385D8BE224728EC8009E2E2B /* Products */;
			projectDirPath = "";
			projectRoot = "";
			targets = (
				385D8BE024728EC8009E2E2B /* AirbnbApp */,
				385D8BF624728ECC009E2E2B /* AirbnbAppTests */,
			);
		};
/* End PBXProject section */

/* Begin PBXResourcesBuildPhase section */
		385D8BDF24728EC8009E2E2B /* Resources */ = {
			isa = PBXResourcesBuildPhase;
			buildActionMask = 2147483647;
			files = (
				8D63C75B2476CF4E0074BF0F /* MapButtonView.xib in Resources */,
				8D9B7A15247C09F700D9A99D /* DetailSectionView.xib in Resources */,
				385D8BF124728ECC009E2E2B /* LaunchScreen.storyboard in Resources */,
				8DCA196F24750CCF00B3C167 /* SearchFieldView.xib in Resources */,
				385D8BEE24728ECC009E2E2B /* Assets.xcassets in Resources */,
				8D9B7A11247C06E500D9A99D /* StayDetailViewController.xib in Resources */,
				384C0E3D2473F62A0051528B /* StayCell.xib in Resources */,
				8DCA197124754B7900B3C167 /* SearchFilterView.xib in Resources */,
			);
			runOnlyForDeploymentPostprocessing = 0;
		};
		385D8BF524728ECC009E2E2B /* Resources */ = {
			isa = PBXResourcesBuildPhase;
			buildActionMask = 2147483647;
			files = (
			);
			runOnlyForDeploymentPostprocessing = 0;
		};
/* End PBXResourcesBuildPhase section */

/* Begin PBXShellScriptBuildPhase section */
		27B641CBDEAF0B00165BDBD8 /* [CP] Check Pods Manifest.lock */ = {
			isa = PBXShellScriptBuildPhase;
			buildActionMask = 2147483647;
			files = (
			);
			inputFileListPaths = (
			);
			inputPaths = (
				"${PODS_PODFILE_DIR_PATH}/Podfile.lock",
				"${PODS_ROOT}/Manifest.lock",
			);
			name = "[CP] Check Pods Manifest.lock";
			outputFileListPaths = (
			);
			outputPaths = (
				"$(DERIVED_FILE_DIR)/Pods-AirbnbApp-checkManifestLockResult.txt",
			);
			runOnlyForDeploymentPostprocessing = 0;
			shellPath = /bin/sh;
			shellScript = "diff \"${PODS_PODFILE_DIR_PATH}/Podfile.lock\" \"${PODS_ROOT}/Manifest.lock\" > /dev/null\nif [ $? != 0 ] ; then\n    # print error to STDERR\n    echo \"error: The sandbox is not in sync with the Podfile.lock. Run 'pod install' or update your CocoaPods installation.\" >&2\n    exit 1\nfi\n# This output is used by Xcode 'outputs' to avoid re-running this script phase.\necho \"SUCCESS\" > \"${SCRIPT_OUTPUT_FILE_0}\"\n";
			showEnvVarsInLog = 0;
		};
		34E99C6BA62EE9F08188ABB5 /* [CP] Embed Pods Frameworks */ = {
			isa = PBXShellScriptBuildPhase;
			buildActionMask = 2147483647;
			files = (
			);
			inputFileListPaths = (
				"${PODS_ROOT}/Target Support Files/Pods-AirbnbApp/Pods-AirbnbApp-frameworks-${CONFIGURATION}-input-files.xcfilelist",
			);
			name = "[CP] Embed Pods Frameworks";
			outputFileListPaths = (
				"${PODS_ROOT}/Target Support Files/Pods-AirbnbApp/Pods-AirbnbApp-frameworks-${CONFIGURATION}-output-files.xcfilelist",
			);
			runOnlyForDeploymentPostprocessing = 0;
			shellPath = /bin/sh;
			shellScript = "\"${PODS_ROOT}/Target Support Files/Pods-AirbnbApp/Pods-AirbnbApp-frameworks.sh\"\n";
			showEnvVarsInLog = 0;
		};
		3C2DB4DA1F56EC18804B6B28 /* [CP] Check Pods Manifest.lock */ = {
			isa = PBXShellScriptBuildPhase;
			buildActionMask = 2147483647;
			files = (
			);
			inputFileListPaths = (
			);
			inputPaths = (
				"${PODS_PODFILE_DIR_PATH}/Podfile.lock",
				"${PODS_ROOT}/Manifest.lock",
			);
			name = "[CP] Check Pods Manifest.lock";
			outputFileListPaths = (
			);
			outputPaths = (
				"$(DERIVED_FILE_DIR)/Pods-AirbnbAppTests-checkManifestLockResult.txt",
			);
			runOnlyForDeploymentPostprocessing = 0;
			shellPath = /bin/sh;
			shellScript = "diff \"${PODS_PODFILE_DIR_PATH}/Podfile.lock\" \"${PODS_ROOT}/Manifest.lock\" > /dev/null\nif [ $? != 0 ] ; then\n    # print error to STDERR\n    echo \"error: The sandbox is not in sync with the Podfile.lock. Run 'pod install' or update your CocoaPods installation.\" >&2\n    exit 1\nfi\n# This output is used by Xcode 'outputs' to avoid re-running this script phase.\necho \"SUCCESS\" > \"${SCRIPT_OUTPUT_FILE_0}\"\n";
			showEnvVarsInLog = 0;
		};
/* End PBXShellScriptBuildPhase section */

/* Begin PBXSourcesBuildPhase section */
		385D8BDD24728EC8009E2E2B /* Sources */ = {
			isa = PBXSourcesBuildPhase;
			buildActionMask = 2147483647;
			files = (
				384C0E342473D9680051528B /* UIView+AutoLayout.swift in Sources */,
				8D9B7A17247C0F1200D9A99D /* StayListCollectionViewDelegate.swift in Sources */,
				385D8BE924728EC8009E2E2B /* TabBarController.swift in Sources */,
				38AEA756247BF7590058050D /* StayListUseCase.swift in Sources */,
				3839C7B02477D6760039BB19 /* SeparatorView.swift in Sources */,
				384C0E3C2473F62A0051528B /* StayCell.swift in Sources */,
				385D8BE524728EC8009E2E2B /* AppDelegate.swift in Sources */,
				384C0E372473E0650051528B /* StayListCollectionView.swift in Sources */,
				38F1F8982479614500454668 /* StayListCollectionViewDataSource.swift in Sources */,
				8D32844524764B0F0078678A /* SearchTextFieldDelegate.swift in Sources */,
				8DCA197324754D5A00B3C167 /* SearchFilterView.swift in Sources */,
				8DCA19752475546C00B3C167 /* FilterButton.swift in Sources */,
				8D328443247647900078678A /* ViewFromXib.swift in Sources */,
				385D8BE724728EC8009E2E2B /* SceneDelegate.swift in Sources */,
				8D9B7A10247C06E500D9A99D /* StayDetailViewController.swift in Sources */,
				38BDDCAE2475A36D000ACA1C /* NSMutableAttributedString+append.swift in Sources */,
				384C0E392473F50F0051528B /* UIView+addSubviews.swift in Sources */,
				38DC238B247BDAE200DC3BCC /* NetworkManager.swift in Sources */,
				38BDDCB22475AD43000ACA1C /* SuperHostLabel.swift in Sources */,
				381A0304247623F3004EDE84 /* PlaceTypeAndCityLabel.swift in Sources */,
				3869C446247BB9AC00A16C6D /* StayList.swift in Sources */,
				38BDDCB02475AB21000ACA1C /* LabelWithLeadingImage.swift in Sources */,
				381A030624762561004EDE84 /* PriceLabel.swift in Sources */,
				38F1F89424795F5200454668 /* ViewModelBinding.swift in Sources */,
				38863E252478F6AB00D8C75C /* ThumbImagePagingView.swift in Sources */,
				8D63C75D2476CFA10074BF0F /* MapButtonView.swift in Sources */,
				38BDDCAC24751DED000ACA1C /* ReviewLabel.swift in Sources */,
				38EB9D8F2479A48100236DB4 /* LoadingView.swift in Sources */,
				3859747F2478FF98004A358C /* ThumbImageView.swift in Sources */,
				8D9B7A1B247C206400D9A99D /* RoundedBorder.swift in Sources */,
				8D8FE71E2473CF71008FF0AF /* StayListViewController.swift in Sources */,
				8D9B7A19247C1D4500D9A99D /* DetailButton.swift in Sources */,
				8D9B7A13247C09E500D9A99D /* DetailSectionView.swift in Sources */,
				38F1F89224795E0400454668 /* Stay.swift in Sources */,
				8DCA196D24750CB900B3C167 /* SearchFieldView.swift in Sources */,
			);
			runOnlyForDeploymentPostprocessing = 0;
		};
		385D8BF324728ECC009E2E2B /* Sources */ = {
			isa = PBXSourcesBuildPhase;
			buildActionMask = 2147483647;
			files = (
				385D8BFC24728ECC009E2E2B /* AirbnbAppTests.swift in Sources */,
			);
			runOnlyForDeploymentPostprocessing = 0;
		};
/* End PBXSourcesBuildPhase section */

/* Begin PBXTargetDependency section */
		385D8BF924728ECC009E2E2B /* PBXTargetDependency */ = {
			isa = PBXTargetDependency;
			target = 385D8BE024728EC8009E2E2B /* AirbnbApp */;
			targetProxy = 385D8BF824728ECC009E2E2B /* PBXContainerItemProxy */;
		};
/* End PBXTargetDependency section */

/* Begin PBXVariantGroup section */
		385D8BEF24728ECC009E2E2B /* LaunchScreen.storyboard */ = {
			isa = PBXVariantGroup;
			children = (
				385D8BF024728ECC009E2E2B /* Base */,
			);
			name = LaunchScreen.storyboard;
			sourceTree = "<group>";
		};
/* End PBXVariantGroup section */

/* Begin XCBuildConfiguration section */
		385D8BFE24728ECC009E2E2B /* Debug */ = {
			isa = XCBuildConfiguration;
			buildSettings = {
				ALWAYS_SEARCH_USER_PATHS = NO;
				CLANG_ANALYZER_NONNULL = YES;
				CLANG_ANALYZER_NUMBER_OBJECT_CONVERSION = YES_AGGRESSIVE;
				CLANG_CXX_LANGUAGE_STANDARD = "gnu++14";
				CLANG_CXX_LIBRARY = "libc++";
				CLANG_ENABLE_MODULES = YES;
				CLANG_ENABLE_OBJC_ARC = YES;
				CLANG_ENABLE_OBJC_WEAK = YES;
				CLANG_WARN_BLOCK_CAPTURE_AUTORELEASING = YES;
				CLANG_WARN_BOOL_CONVERSION = YES;
				CLANG_WARN_COMMA = YES;
				CLANG_WARN_CONSTANT_CONVERSION = YES;
				CLANG_WARN_DEPRECATED_OBJC_IMPLEMENTATIONS = YES;
				CLANG_WARN_DIRECT_OBJC_ISA_USAGE = YES_ERROR;
				CLANG_WARN_DOCUMENTATION_COMMENTS = YES;
				CLANG_WARN_EMPTY_BODY = YES;
				CLANG_WARN_ENUM_CONVERSION = YES;
				CLANG_WARN_INFINITE_RECURSION = YES;
				CLANG_WARN_INT_CONVERSION = YES;
				CLANG_WARN_NON_LITERAL_NULL_CONVERSION = YES;
				CLANG_WARN_OBJC_IMPLICIT_RETAIN_SELF = YES;
				CLANG_WARN_OBJC_LITERAL_CONVERSION = YES;
				CLANG_WARN_OBJC_ROOT_CLASS = YES_ERROR;
				CLANG_WARN_RANGE_LOOP_ANALYSIS = YES;
				CLANG_WARN_STRICT_PROTOTYPES = YES;
				CLANG_WARN_SUSPICIOUS_MOVE = YES;
				CLANG_WARN_UNGUARDED_AVAILABILITY = YES_AGGRESSIVE;
				CLANG_WARN_UNREACHABLE_CODE = YES;
				CLANG_WARN__DUPLICATE_METHOD_MATCH = YES;
				COPY_PHASE_STRIP = NO;
				DEBUG_INFORMATION_FORMAT = dwarf;
				ENABLE_STRICT_OBJC_MSGSEND = YES;
				ENABLE_TESTABILITY = YES;
				GCC_C_LANGUAGE_STANDARD = gnu11;
				GCC_DYNAMIC_NO_PIC = NO;
				GCC_NO_COMMON_BLOCKS = YES;
				GCC_OPTIMIZATION_LEVEL = 0;
				GCC_PREPROCESSOR_DEFINITIONS = (
					"DEBUG=1",
					"$(inherited)",
				);
				GCC_WARN_64_TO_32_BIT_CONVERSION = YES;
				GCC_WARN_ABOUT_RETURN_TYPE = YES_ERROR;
				GCC_WARN_UNDECLARED_SELECTOR = YES;
				GCC_WARN_UNINITIALIZED_AUTOS = YES_AGGRESSIVE;
				GCC_WARN_UNUSED_FUNCTION = YES;
				GCC_WARN_UNUSED_VARIABLE = YES;
				IPHONEOS_DEPLOYMENT_TARGET = 13.2;
				MTL_ENABLE_DEBUG_INFO = INCLUDE_SOURCE;
				MTL_FAST_MATH = YES;
				ONLY_ACTIVE_ARCH = YES;
				SDKROOT = iphoneos;
				SWIFT_ACTIVE_COMPILATION_CONDITIONS = DEBUG;
				SWIFT_OPTIMIZATION_LEVEL = "-Onone";
			};
			name = Debug;
		};
		385D8BFF24728ECC009E2E2B /* Release */ = {
			isa = XCBuildConfiguration;
			buildSettings = {
				ALWAYS_SEARCH_USER_PATHS = NO;
				CLANG_ANALYZER_NONNULL = YES;
				CLANG_ANALYZER_NUMBER_OBJECT_CONVERSION = YES_AGGRESSIVE;
				CLANG_CXX_LANGUAGE_STANDARD = "gnu++14";
				CLANG_CXX_LIBRARY = "libc++";
				CLANG_ENABLE_MODULES = YES;
				CLANG_ENABLE_OBJC_ARC = YES;
				CLANG_ENABLE_OBJC_WEAK = YES;
				CLANG_WARN_BLOCK_CAPTURE_AUTORELEASING = YES;
				CLANG_WARN_BOOL_CONVERSION = YES;
				CLANG_WARN_COMMA = YES;
				CLANG_WARN_CONSTANT_CONVERSION = YES;
				CLANG_WARN_DEPRECATED_OBJC_IMPLEMENTATIONS = YES;
				CLANG_WARN_DIRECT_OBJC_ISA_USAGE = YES_ERROR;
				CLANG_WARN_DOCUMENTATION_COMMENTS = YES;
				CLANG_WARN_EMPTY_BODY = YES;
				CLANG_WARN_ENUM_CONVERSION = YES;
				CLANG_WARN_INFINITE_RECURSION = YES;
				CLANG_WARN_INT_CONVERSION = YES;
				CLANG_WARN_NON_LITERAL_NULL_CONVERSION = YES;
				CLANG_WARN_OBJC_IMPLICIT_RETAIN_SELF = YES;
				CLANG_WARN_OBJC_LITERAL_CONVERSION = YES;
				CLANG_WARN_OBJC_ROOT_CLASS = YES_ERROR;
				CLANG_WARN_RANGE_LOOP_ANALYSIS = YES;
				CLANG_WARN_STRICT_PROTOTYPES = YES;
				CLANG_WARN_SUSPICIOUS_MOVE = YES;
				CLANG_WARN_UNGUARDED_AVAILABILITY = YES_AGGRESSIVE;
				CLANG_WARN_UNREACHABLE_CODE = YES;
				CLANG_WARN__DUPLICATE_METHOD_MATCH = YES;
				COPY_PHASE_STRIP = NO;
				DEBUG_INFORMATION_FORMAT = "dwarf-with-dsym";
				ENABLE_NS_ASSERTIONS = NO;
				ENABLE_STRICT_OBJC_MSGSEND = YES;
				GCC_C_LANGUAGE_STANDARD = gnu11;
				GCC_NO_COMMON_BLOCKS = YES;
				GCC_WARN_64_TO_32_BIT_CONVERSION = YES;
				GCC_WARN_ABOUT_RETURN_TYPE = YES_ERROR;
				GCC_WARN_UNDECLARED_SELECTOR = YES;
				GCC_WARN_UNINITIALIZED_AUTOS = YES_AGGRESSIVE;
				GCC_WARN_UNUSED_FUNCTION = YES;
				GCC_WARN_UNUSED_VARIABLE = YES;
				IPHONEOS_DEPLOYMENT_TARGET = 13.2;
				MTL_ENABLE_DEBUG_INFO = NO;
				MTL_FAST_MATH = YES;
				SDKROOT = iphoneos;
				SWIFT_COMPILATION_MODE = wholemodule;
				SWIFT_OPTIMIZATION_LEVEL = "-O";
				VALIDATE_PRODUCT = YES;
			};
			name = Release;
		};
		385D8C0124728ECC009E2E2B /* Debug */ = {
			isa = XCBuildConfiguration;
			baseConfigurationReference = CDA4DBEC840E41EB9640C92A /* Pods-AirbnbApp.debug.xcconfig */;
			buildSettings = {
				ASSETCATALOG_COMPILER_APPICON_NAME = AppIcon;
				CODE_SIGN_STYLE = Automatic;
				DEVELOPMENT_TEAM = 66M38QS75Q;
				INFOPLIST_FILE = AirbnbApp/Info.plist;
				LD_RUNPATH_SEARCH_PATHS = (
					"$(inherited)",
					"@executable_path/Frameworks",
				);
				PRODUCT_BUNDLE_IDENTIFIER = kr.codesquad.AirbnbApp;
				PRODUCT_NAME = "$(TARGET_NAME)";
				SWIFT_VERSION = 5.0;
				TARGETED_DEVICE_FAMILY = "1,2";
			};
			name = Debug;
		};
		385D8C0224728ECC009E2E2B /* Release */ = {
			isa = XCBuildConfiguration;
			baseConfigurationReference = 51DD8D7068C11074B3824E67 /* Pods-AirbnbApp.release.xcconfig */;
			buildSettings = {
				ASSETCATALOG_COMPILER_APPICON_NAME = AppIcon;
				CODE_SIGN_STYLE = Automatic;
				DEVELOPMENT_TEAM = 66M38QS75Q;
				INFOPLIST_FILE = AirbnbApp/Info.plist;
				LD_RUNPATH_SEARCH_PATHS = (
					"$(inherited)",
					"@executable_path/Frameworks",
				);
				PRODUCT_BUNDLE_IDENTIFIER = kr.codesquad.AirbnbApp;
				PRODUCT_NAME = "$(TARGET_NAME)";
				SWIFT_VERSION = 5.0;
				TARGETED_DEVICE_FAMILY = "1,2";
			};
			name = Release;
		};
		385D8C0424728ECC009E2E2B /* Debug */ = {
			isa = XCBuildConfiguration;
			baseConfigurationReference = 51291177216A70DD7B1C174C /* Pods-AirbnbAppTests.debug.xcconfig */;
			buildSettings = {
				ALWAYS_EMBED_SWIFT_STANDARD_LIBRARIES = YES;
				BUNDLE_LOADER = "$(TEST_HOST)";
				CODE_SIGN_STYLE = Automatic;
				DEVELOPMENT_TEAM = N2GAL8582Q;
				INFOPLIST_FILE = AirbnbAppTests/Info.plist;
				IPHONEOS_DEPLOYMENT_TARGET = 13.2;
				LD_RUNPATH_SEARCH_PATHS = (
					"$(inherited)",
					"@executable_path/Frameworks",
					"@loader_path/Frameworks",
				);
				PRODUCT_BUNDLE_IDENTIFIER = kr.codesquad.AirbnbAppTests;
				PRODUCT_NAME = "$(TARGET_NAME)";
				SWIFT_VERSION = 5.0;
				TARGETED_DEVICE_FAMILY = "1,2";
				TEST_HOST = "$(BUILT_PRODUCTS_DIR)/AirbnbApp.app/AirbnbApp";
			};
			name = Debug;
		};
		385D8C0524728ECC009E2E2B /* Release */ = {
			isa = XCBuildConfiguration;
			baseConfigurationReference = F0B4FABD941046CDEC24AF71 /* Pods-AirbnbAppTests.release.xcconfig */;
			buildSettings = {
				ALWAYS_EMBED_SWIFT_STANDARD_LIBRARIES = YES;
				BUNDLE_LOADER = "$(TEST_HOST)";
				CODE_SIGN_STYLE = Automatic;
				DEVELOPMENT_TEAM = N2GAL8582Q;
				INFOPLIST_FILE = AirbnbAppTests/Info.plist;
				IPHONEOS_DEPLOYMENT_TARGET = 13.2;
				LD_RUNPATH_SEARCH_PATHS = (
					"$(inherited)",
					"@executable_path/Frameworks",
					"@loader_path/Frameworks",
				);
				PRODUCT_BUNDLE_IDENTIFIER = kr.codesquad.AirbnbAppTests;
				PRODUCT_NAME = "$(TARGET_NAME)";
				SWIFT_VERSION = 5.0;
				TARGETED_DEVICE_FAMILY = "1,2";
				TEST_HOST = "$(BUILT_PRODUCTS_DIR)/AirbnbApp.app/AirbnbApp";
			};
			name = Release;
		};
/* End XCBuildConfiguration section */

/* Begin XCConfigurationList section */
		385D8BDC24728EC8009E2E2B /* Build configuration list for PBXProject "AirbnbApp" */ = {
			isa = XCConfigurationList;
			buildConfigurations = (
				385D8BFE24728ECC009E2E2B /* Debug */,
				385D8BFF24728ECC009E2E2B /* Release */,
			);
			defaultConfigurationIsVisible = 0;
			defaultConfigurationName = Release;
		};
		385D8C0024728ECC009E2E2B /* Build configuration list for PBXNativeTarget "AirbnbApp" */ = {
			isa = XCConfigurationList;
			buildConfigurations = (
				385D8C0124728ECC009E2E2B /* Debug */,
				385D8C0224728ECC009E2E2B /* Release */,
			);
			defaultConfigurationIsVisible = 0;
			defaultConfigurationName = Release;
		};
		385D8C0324728ECC009E2E2B /* Build configuration list for PBXNativeTarget "AirbnbAppTests" */ = {
			isa = XCConfigurationList;
			buildConfigurations = (
				385D8C0424728ECC009E2E2B /* Debug */,
				385D8C0524728ECC009E2E2B /* Release */,
			);
			defaultConfigurationIsVisible = 0;
			defaultConfigurationName = Release;
		};
/* End XCConfigurationList section */
	};
	rootObject = 385D8BD924728EC8009E2E2B /* Project object */;
}
